// !$*UTF8*$!
{
	archiveVersion = 1;
	classes = {
	};
	objectVersion = 56;
	objects = {

/* Begin PBXBuildFile section */
		8C4F525B29A05E6D005B24ED /* AppDelegate.swift in Sources */ = {isa = PBXBuildFile; fileRef = 8C4F525A29A05E6D005B24ED /* AppDelegate.swift */; };
		8C4F525D29A05E6D005B24ED /* SceneDelegate.swift in Sources */ = {isa = PBXBuildFile; fileRef = 8C4F525C29A05E6D005B24ED /* SceneDelegate.swift */; };
		8C4F525F29A05E6D005B24ED /* ViewController.swift in Sources */ = {isa = PBXBuildFile; fileRef = 8C4F525E29A05E6D005B24ED /* ViewController.swift */; };
		8C4F526229A05E6D005B24ED /* Main.storyboard in Resources */ = {isa = PBXBuildFile; fileRef = 8C4F526029A05E6D005B24ED /* Main.storyboard */; };
		8C4F526529A05E6D005B24ED /* MukDiary.xcdatamodeld in Sources */ = {isa = PBXBuildFile; fileRef = 8C4F526329A05E6D005B24ED /* MukDiary.xcdatamodeld */; };
		8C4F526729A05E6D005B24ED /* Assets.xcassets in Resources */ = {isa = PBXBuildFile; fileRef = 8C4F526629A05E6D005B24ED /* Assets.xcassets */; };
		8C4F526A29A05E6D005B24ED /* LaunchScreen.storyboard in Resources */ = {isa = PBXBuildFile; fileRef = 8C4F526829A05E6D005B24ED /* LaunchScreen.storyboard */; };
		8C4F527629A088F4005B24ED /* DataManager.swift in Sources */ = {isa = PBXBuildFile; fileRef = 8C4F527529A088F4005B24ED /* DataManager.swift */; };
/* End PBXBuildFile section */

/* Begin PBXFileReference section */
		8C4F525729A05E6D005B24ED /* MukDiary.app */ = {isa = PBXFileReference; explicitFileType = wrapper.application; includeInIndex = 0; path = MukDiary.app; sourceTree = BUILT_PRODUCTS_DIR; };
		8C4F525A29A05E6D005B24ED /* AppDelegate.swift */ = {isa = PBXFileReference; lastKnownFileType = sourcecode.swift; path = AppDelegate.swift; sourceTree = "<group>"; };
		8C4F525C29A05E6D005B24ED /* SceneDelegate.swift */ = {isa = PBXFileReference; lastKnownFileType = sourcecode.swift; path = SceneDelegate.swift; sourceTree = "<group>"; };
		8C4F525E29A05E6D005B24ED /* ViewController.swift */ = {isa = PBXFileReference; lastKnownFileType = sourcecode.swift; path = ViewController.swift; sourceTree = "<group>"; };
		8C4F526129A05E6D005B24ED /* Base */ = {isa = PBXFileReference; lastKnownFileType = file.storyboard; name = Base; path = Base.lproj/Main.storyboard; sourceTree = "<group>"; };
		8C4F526429A05E6D005B24ED /* MukDiary.xcdatamodel */ = {isa = PBXFileReference; lastKnownFileType = wrapper.xcdatamodel; path = MukDiary.xcdatamodel; sourceTree = "<group>"; };
		8C4F526629A05E6D005B24ED /* Assets.xcassets */ = {isa = PBXFileReference; lastKnownFileType = folder.assetcatalog; path = Assets.xcassets; sourceTree = "<group>"; };
		8C4F526929A05E6D005B24ED /* Base */ = {isa = PBXFileReference; lastKnownFileType = file.storyboard; name = Base; path = Base.lproj/LaunchScreen.storyboard; sourceTree = "<group>"; };
		8C4F526B29A05E6D005B24ED /* Info.plist */ = {isa = PBXFileReference; lastKnownFileType = text.plist.xml; path = Info.plist; sourceTree = "<group>"; };
		8C4F527529A088F4005B24ED /* DataManager.swift */ = {isa = PBXFileReference; lastKnownFileType = sourcecode.swift; path = DataManager.swift; sourceTree = "<group>"; };
/* End PBXFileReference section */

/* Begin PBXFrameworksBuildPhase section */
		8C4F525429A05E6D005B24ED /* Frameworks */ = {
			isa = PBXFrameworksBuildPhase;
			buildActionMask = 2147483647;
			files = (
			);
			runOnlyForDeploymentPostprocessing = 0;
		};
/* End PBXFrameworksBuildPhase section */

/* Begin PBXGroup section */
		8C4F524E29A05E6D005B24ED = {
			isa = PBXGroup;
			children = (
				8C4F525929A05E6D005B24ED /* MukDiary */,
				8C4F525829A05E6D005B24ED /* Products */,
			);
			sourceTree = "<group>";
		};
		8C4F525829A05E6D005B24ED /* Products */ = {
			isa = PBXGroup;
			children = (
				8C4F525729A05E6D005B24ED /* MukDiary.app */,
			);
			name = Products;
			sourceTree = "<group>";
		};
		8C4F525929A05E6D005B24ED /* MukDiary */ = {
			isa = PBXGroup;
			children = (
				8C4F527429A088E4005B24ED /* Data */,
				8C4F525A29A05E6D005B24ED /* AppDelegate.swift */,
				8C4F525C29A05E6D005B24ED /* SceneDelegate.swift */,
				8C4F527129A063EC005B24ED /* Models */,
				8C4F527229A063F5005B24ED /* Views */,
				8C4F527329A063FD005B24ED /* Controllers */,
				8C4F526629A05E6D005B24ED /* Assets.xcassets */,
				8C4F526829A05E6D005B24ED /* LaunchScreen.storyboard */,
				8C4F526B29A05E6D005B24ED /* Info.plist */,
				8C4F526329A05E6D005B24ED /* MukDiary.xcdatamodeld */,
			);
			path = MukDiary;
			sourceTree = "<group>";
		};
		8C4F527129A063EC005B24ED /* Models */ = {
			isa = PBXGroup;
			children = (
			);
			path = Models;
			sourceTree = "<group>";
		};
		8C4F527229A063F5005B24ED /* Views */ = {
			isa = PBXGroup;
			children = (
				8C4F526029A05E6D005B24ED /* Main.storyboard */,
			);
			path = Views;
			sourceTree = "<group>";
		};
		8C4F527329A063FD005B24ED /* Controllers */ = {
			isa = PBXGroup;
			children = (
				8C4F525E29A05E6D005B24ED /* ViewController.swift */,
			);
			path = Controllers;
			sourceTree = "<group>";
		};
		8C4F527429A088E4005B24ED /* Data */ = {
			isa = PBXGroup;
			children = (
				8C4F527529A088F4005B24ED /* DataManager.swift */,
			);
			path = Data;
			sourceTree = "<group>";
		};
/* End PBXGroup section */

/* Begin PBXNativeTarget section */
		8C4F525629A05E6D005B24ED /* MukDiary */ = {
			isa = PBXNativeTarget;
			buildConfigurationList = 8C4F526E29A05E6D005B24ED /* Build configuration list for PBXNativeTarget "MukDiary" */;
			buildPhases = (
				8C4F525329A05E6D005B24ED /* Sources */,
				8C4F525429A05E6D005B24ED /* Frameworks */,
				8C4F525529A05E6D005B24ED /* Resources */,
			);
			buildRules = (
			);
			dependencies = (
			);
			name = MukDiary;
			productName = MukDiary;
			productReference = 8C4F525729A05E6D005B24ED /* MukDiary.app */;
			productType = "com.apple.product-type.application";
		};
/* End PBXNativeTarget section */

/* Begin PBXProject section */
		8C4F524F29A05E6D005B24ED /* Project object */ = {
			isa = PBXProject;
			attributes = {
				BuildIndependentTargetsInParallel = 1;
				LastSwiftUpdateCheck = 1420;
				LastUpgradeCheck = 1420;
				TargetAttributes = {
					8C4F525629A05E6D005B24ED = {
						CreatedOnToolsVersion = 14.2;
					};
				};
			};
			buildConfigurationList = 8C4F525229A05E6D005B24ED /* Build configuration list for PBXProject "MukDiary" */;
			compatibilityVersion = "Xcode 14.0";
			developmentRegion = en;
			hasScannedForEncodings = 0;
			knownRegions = (
				en,
				Base,
			);
			mainGroup = 8C4F524E29A05E6D005B24ED;
			productRefGroup = 8C4F525829A05E6D005B24ED /* Products */;
			projectDirPath = "";
			projectRoot = "";
			targets = (
				8C4F525629A05E6D005B24ED /* MukDiary */,
			);
		};
/* End PBXProject section */

/* Begin PBXResourcesBuildPhase section */
		8C4F525529A05E6D005B24ED /* Resources */ = {
			isa = PBXResourcesBuildPhase;
			buildActionMask = 2147483647;
			files = (
				8C4F526A29A05E6D005B24ED /* LaunchScreen.storyboard in Resources */,
				8C4F526729A05E6D005B24ED /* Assets.xcassets in Resources */,
				8C4F526229A05E6D005B24ED /* Main.storyboard in Resources */,
			);
			runOnlyForDeploymentPostprocessing = 0;
		};
/* End PBXResourcesBuildPhase section */

/* Begin PBXSourcesBuildPhase section */
		8C4F525329A05E6D005B24ED /* Sources */ = {
			isa = PBXSourcesBuildPhase;
			buildActionMask = 2147483647;
			files = (
				8C4F525F29A05E6D005B24ED /* ViewController.swift in Sources */,
				8C4F527629A088F4005B24ED /* DataManager.swift in Sources */,
				8C4F525B29A05E6D005B24ED /* AppDelegate.swift in Sources */,
				8C4F525D29A05E6D005B24ED /* SceneDelegate.swift in Sources */,
				8C4F526529A05E6D005B24ED /* MukDiary.xcdatamodeld in Sources */,
			);
			runOnlyForDeploymentPostprocessing = 0;
		};
/* End PBXSourcesBuildPhase section */

/* Begin PBXVariantGroup section */
		8C4F526029A05E6D005B24ED /* Main.storyboard */ = {
			isa = PBXVariantGroup;
			children = (
				8C4F526129A05E6D005B24ED /* Base */,
			);
			name = Main.storyboard;
			sourceTree = "<group>";
		};
		8C4F526829A05E6D005B24ED /* LaunchScreen.storyboard */ = {
			isa = PBXVariantGroup;
			children = (
				8C4F526929A05E6D005B24ED /* Base */,
			);
			name = LaunchScreen.storyboard;
			sourceTree = "<group>";
		};
/* End PBXVariantGroup section */

/* Begin XCBuildConfiguration section */
		8C4F526C29A05E6D005B24ED /* Debug */ = {
			isa = XCBuildConfiguration;
			buildSettings = {
				ALWAYS_SEARCH_USER_PATHS = NO;
				CLANG_ANALYZER_NONNULL = YES;
				CLANG_ANALYZER_NUMBER_OBJECT_CONVERSION = YES_AGGRESSIVE;
				CLANG_CXX_LANGUAGE_STANDARD = "gnu++20";
				CLANG_ENABLE_MODULES = YES;
				CLANG_ENABLE_OBJC_ARC = YES;
				CLANG_ENABLE_OBJC_WEAK = YES;
				CLANG_WARN_BLOCK_CAPTURE_AUTORELEASING = YES;
				CLANG_WARN_BOOL_CONVERSION = YES;
				CLANG_WARN_COMMA = YES;
				CLANG_WARN_CONSTANT_CONVERSION = YES;
				CLANG_WARN_DEPRECATED_OBJC_IMPLEMENTATIONS = YES;
				CLANG_WARN_DIRECT_OBJC_ISA_USAGE = YES_ERROR;
				CLANG_WARN_DOCUMENTATION_COMMENTS = YES;
				CLANG_WARN_EMPTY_BODY = YES;
				CLANG_WARN_ENUM_CONVERSION = YES;
				CLANG_WARN_INFINITE_RECURSION = YES;
				CLANG_WARN_INT_CONVERSION = YES;
				CLANG_WARN_NON_LITERAL_NULL_CONVERSION = YES;
				CLANG_WARN_OBJC_IMPLICIT_RETAIN_SELF = YES;
				CLANG_WARN_OBJC_LITERAL_CONVERSION = YES;
				CLANG_WARN_OBJC_ROOT_CLASS = YES_ERROR;
				CLANG_WARN_QUOTED_INCLUDE_IN_FRAMEWORK_HEADER = YES;
				CLANG_WARN_RANGE_LOOP_ANALYSIS = YES;
				CLANG_WARN_STRICT_PROTOTYPES = YES;
				CLANG_WARN_SUSPICIOUS_MOVE = YES;
				CLANG_WARN_UNGUARDED_AVAILABILITY = YES_AGGRESSIVE;
				CLANG_WARN_UNREACHABLE_CODE = YES;
				CLANG_WARN__DUPLICATE_METHOD_MATCH = YES;
				COPY_PHASE_STRIP = NO;
				DEBUG_INFORMATION_FORMAT = dwarf;
				ENABLE_STRICT_OBJC_MSGSEND = YES;
				ENABLE_TESTABILITY = YES;
				GCC_C_LANGUAGE_STANDARD = gnu11;
				GCC_DYNAMIC_NO_PIC = NO;
				GCC_NO_COMMON_BLOCKS = YES;
				GCC_OPTIMIZATION_LEVEL = 0;
				GCC_PREPROCESSOR_DEFINITIONS = (
					"DEBUG=1",
					"$(inherited)",
				);
				GCC_WARN_64_TO_32_BIT_CONVERSION = YES;
				GCC_WARN_ABOUT_RETURN_TYPE = YES_ERROR;
				GCC_WARN_UNDECLARED_SELECTOR = YES;
				GCC_WARN_UNINITIALIZED_AUTOS = YES_AGGRESSIVE;
				GCC_WARN_UNUSED_FUNCTION = YES;
				GCC_WARN_UNUSED_VARIABLE = YES;
				IPHONEOS_DEPLOYMENT_TARGET = 16.2;
				MTL_ENABLE_DEBUG_INFO = INCLUDE_SOURCE;
				MTL_FAST_MATH = YES;
				ONLY_ACTIVE_ARCH = YES;
				SDKROOT = iphoneos;
				SWIFT_ACTIVE_COMPILATION_CONDITIONS = DEBUG;
				SWIFT_OPTIMIZATION_LEVEL = "-Onone";
			};
			name = Debug;
		};
		8C4F526D29A05E6D005B24ED /* Release */ = {
			isa = XCBuildConfiguration;
			buildSettings = {
				ALWAYS_SEARCH_USER_PATHS = NO;
				CLANG_ANALYZER_NONNULL = YES;
				CLANG_ANALYZER_NUMBER_OBJECT_CONVERSION = YES_AGGRESSIVE;
				CLANG_CXX_LANGUAGE_STANDARD = "gnu++20";
				CLANG_ENABLE_MODULES = YES;
				CLANG_ENABLE_OBJC_ARC = YES;
				CLANG_ENABLE_OBJC_WEAK = YES;
				CLANG_WARN_BLOCK_CAPTURE_AUTORELEASING = YES;
				CLANG_WARN_BOOL_CONVERSION = YES;
				CLANG_WARN_COMMA = YES;
				CLANG_WARN_CONSTANT_CONVERSION = YES;
				CLANG_WARN_DEPRECATED_OBJC_IMPLEMENTATIONS = YES;
				CLANG_WARN_DIRECT_OBJC_ISA_USAGE = YES_ERROR;
				CLANG_WARN_DOCUMENTATION_COMMENTS = YES;
				CLANG_WARN_EMPTY_BODY = YES;
				CLANG_WARN_ENUM_CONVERSION = YES;
				CLANG_WARN_INFINITE_RECURSION = YES;
				CLANG_WARN_INT_CONVERSION = YES;
				CLANG_WARN_NON_LITERAL_NULL_CONVERSION = YES;
				CLANG_WARN_OBJC_IMPLICIT_RETAIN_SELF = YES;
				CLANG_WARN_OBJC_LITERAL_CONVERSION = YES;
				CLANG_WARN_OBJC_ROOT_CLASS = YES_ERROR;
				CLANG_WARN_QUOTED_INCLUDE_IN_FRAMEWORK_HEADER = YES;
				CLANG_WARN_RANGE_LOOP_ANALYSIS = YES;
				CLANG_WARN_STRICT_PROTOTYPES = YES;
				CLANG_WARN_SUSPICIOUS_MOVE = YES;
				CLANG_WARN_UNGUARDED_AVAILABILITY = YES_AGGRESSIVE;
				CLANG_WARN_UNREACHABLE_CODE = YES;
				CLANG_WARN__DUPLICATE_METHOD_MATCH = YES;
				COPY_PHASE_STRIP = NO;
				DEBUG_INFORMATION_FORMAT = "dwarf-with-dsym";
				ENABLE_NS_ASSERTIONS = NO;
				ENABLE_STRICT_OBJC_MSGSEND = YES;
				GCC_C_LANGUAGE_STANDARD = gnu11;
				GCC_NO_COMMON_BLOCKS = YES;
				GCC_WARN_64_TO_32_BIT_CONVERSION = YES;
				GCC_WARN_ABOUT_RETURN_TYPE = YES_ERROR;
				GCC_WARN_UNDECLARED_SELECTOR = YES;
				GCC_WARN_UNINITIALIZED_AUTOS = YES_AGGRESSIVE;
				GCC_WARN_UNUSED_FUNCTION = YES;
				GCC_WARN_UNUSED_VARIABLE = YES;
				IPHONEOS_DEPLOYMENT_TARGET = 16.2;
				MTL_ENABLE_DEBUG_INFO = NO;
				MTL_FAST_MATH = YES;
				SDKROOT = iphoneos;
				SWIFT_COMPILATION_MODE = wholemodule;
				SWIFT_OPTIMIZATION_LEVEL = "-O";
				VALIDATE_PRODUCT = YES;
			};
			name = Release;
		};
		8C4F526F29A05E6D005B24ED /* Debug */ = {
			isa = XCBuildConfiguration;
			buildSettings = {
				ASSETCATALOG_COMPILER_APPICON_NAME = AppIcon;
				ASSETCATALOG_COMPILER_GLOBAL_ACCENT_COLOR_NAME = AccentColor;
				CODE_SIGN_STYLE = Automatic;
				CURRENT_PROJECT_VERSION = 1;
				DEVELOPMENT_TEAM = WZ7JVY478C;
				GENERATE_INFOPLIST_FILE = YES;
				INFOPLIST_FILE = MukDiary/Info.plist;
				INFOPLIST_KEY_CFBundleDisplayName = MukDiary;
				INFOPLIST_KEY_LSApplicationCategoryType = "public.app-category.food-and-drink";
				INFOPLIST_KEY_UIApplicationSupportsIndirectInputEvents = YES;
				INFOPLIST_KEY_UILaunchStoryboardName = LaunchScreen;
				INFOPLIST_KEY_UIMainStoryboardFile = Main;
				INFOPLIST_KEY_UISupportedInterfaceOrientations_iPad = "UIInterfaceOrientationPortrait UIInterfaceOrientationPortraitUpsideDown UIInterfaceOrientationLandscapeLeft UIInterfaceOrientationLandscapeRight";
				INFOPLIST_KEY_UISupportedInterfaceOrientations_iPhone = "UIInterfaceOrientationPortrait UIInterfaceOrientationLandscapeLeft UIInterfaceOrientationLandscapeRight";
				IPHONEOS_DEPLOYMENT_TARGET = 14.0;
				LD_RUNPATH_SEARCH_PATHS = (
					"$(inherited)",
					"@executable_path/Frameworks",
				);
				MARKETING_VERSION = 1.0;
				PRODUCT_BUNDLE_IDENTIFIER = com.seryunchun.MukDiary;
				PRODUCT_NAME = "$(TARGET_NAME)";
				SWIFT_EMIT_LOC_STRINGS = YES;
				SWIFT_VERSION = 5.0;
				TARGETED_DEVICE_FAMILY = "1,2";
			};
			name = Debug;
		};
		8C4F527029A05E6D005B24ED /* Release */ = {
			isa = XCBuildConfiguration;
			buildSettings = {
				ASSETCATALOG_COMPILER_APPICON_NAME = AppIcon;
				ASSETCATALOG_COMPILER_GLOBAL_ACCENT_COLOR_NAME = AccentColor;
				CODE_SIGN_STYLE = Automatic;
				CURRENT_PROJECT_VERSION = 1;
				DEVELOPMENT_TEAM = WZ7JVY478C;
				GENERATE_INFOPLIST_FILE = YES;
				INFOPLIST_FILE = MukDiary/Info.plist;
				INFOPLIST_KEY_CFBundleDisplayName = MukDiary;
				INFOPLIST_KEY_LSApplicationCategoryType = "public.app-category.food-and-drink";
				INFOPLIST_KEY_UIApplicationSupportsIndirectInputEvents = YES;
				INFOPLIST_KEY_UILaunchStoryboardName = LaunchScreen;
				INFOPLIST_KEY_UIMainStoryboardFile = Main;
				INFOPLIST_KEY_UISupportedInterfaceOrientations_iPad = "UIInterfaceOrientationPortrait UIInterfaceOrientationPortraitUpsideDown UIInterfaceOrientationLandscapeLeft UIInterfaceOrientationLandscapeRight";
				INFOPLIST_KEY_UISupportedInterfaceOrientations_iPhone = "UIInterfaceOrientationPortrait UIInterfaceOrientationLandscapeLeft UIInterfaceOrientationLandscapeRight";
				IPHONEOS_DEPLOYMENT_TARGET = 14.0;
				LD_RUNPATH_SEARCH_PATHS = (
					"$(inherited)",
					"@executable_path/Frameworks",
				);
				MARKETING_VERSION = 1.0;
				PRODUCT_BUNDLE_IDENTIFIER = com.seryunchun.MukDiary;
				PRODUCT_NAME = "$(TARGET_NAME)";
				SWIFT_EMIT_LOC_STRINGS = YES;
				SWIFT_VERSION = 5.0;
				TARGETED_DEVICE_FAMILY = "1,2";
			};
			name = Release;
		};
/* End XCBuildConfiguration section */

/* Begin XCConfigurationList section */
		8C4F525229A05E6D005B24ED /* Build configuration list for PBXProject "MukDiary" */ = {
			isa = XCConfigurationList;
			buildConfigurations = (
				8C4F526C29A05E6D005B24ED /* Debug */,
				8C4F526D29A05E6D005B24ED /* Release */,
			);
			defaultConfigurationIsVisible = 0;
			defaultConfigurationName = Release;
		};
		8C4F526E29A05E6D005B24ED /* Build configuration list for PBXNativeTarget "MukDiary" */ = {
			isa = XCConfigurationList;
			buildConfigurations = (
				8C4F526F29A05E6D005B24ED /* Debug */,
				8C4F527029A05E6D005B24ED /* Release */,
			);
			defaultConfigurationIsVisible = 0;
			defaultConfigurationName = Release;
		};
/* End XCConfigurationList section */

/* Begin XCVersionGroup section */
		8C4F526329A05E6D005B24ED /* MukDiary.xcdatamodeld */ = {
			isa = XCVersionGroup;
			children = (
				8C4F526429A05E6D005B24ED /* MukDiary.xcdatamodel */,
			);
			currentVersion = 8C4F526429A05E6D005B24ED /* MukDiary.xcdatamodel */;
			path = MukDiary.xcdatamodeld;
			sourceTree = "<group>";
			versionGroupType = wrapper.xcdatamodel;
		};
/* End XCVersionGroup section */
	};
	rootObject = 8C4F524F29A05E6D005B24ED /* Project object */;
}
